# This file was autogenerated by uv via the following command:
#    uv pip compile pyproject.toml -o requirements.lock
annotated-doc==0.0.5
    # via fastapi
annotated-types==0.8.0
    # via pydantic
anyio==4.15.1
    # via
    #   httpx
    #   starlette
certifi==2026.7.22
    # via
    #   httpcore
    #   httpx
click==8.5.0
    # via uvicorn
contourpy==1.3.3
    # via matplotlib
cycler==0.12.1
    # via matplotlib
et-xmlfile==2.0.0
    # via openpyxl
fastapi==0.141.1
    # via strata-workbench (pyproject.toml)
fonttools==4.64.0
    # via matplotlib
formulaic==1.2.2
    # via statsmodels
h11==0.16.0
    # via
    #   httpcore
    #   uvicorn
httpcore==1.0.9
    # via httpx
httpx==0.28.1
    # via strata-workbench (pyproject.toml)
idna==3.19
    # via
    #   anyio
    #   httpx
interface-meta==2.0.1
    # via formulaic
kiwisolver==1.5.1
    # via matplotlib
matplotlib==3.11.1
    # via strata-workbench (pyproject.toml)
narwhals==2.25.0
    # via
    #   formulaic
    #   plotly
numpy==2.5.3
    # via
    #   strata-workbench (pyproject.toml)
    #   contourpy
    #   formulaic
    #   matplotlib
    #   pandas
    #   patsy
    #   scipy
    #   statsmodels
openpyxl==3.1.5
    # via strata-workbench (pyproject.toml)
packaging==26.3
    # via
    #   matplotlib
    #   patsy
    #   plotly
    #   statsmodels
pandas==2.3.3
    # via
    #   strata-workbench (pyproject.toml)
    #   formulaic
    #   statsmodels
patsy==1.0.3
    # via statsmodels
pillow==12.3.0
    # via matplotlib
plotly==6.9.0
    # via strata-workbench (pyproject.toml)
polars==1.44.1
    # via strata-workbench (pyproject.toml)
polars-runtime-32==1.44.1
    # via polars
psycopg==3.3.5
    # via strata-workbench (pyproject.toml)
psycopg-binary==3.3.5
    # via psycopg
pyarrow==23.0.1
    # via strata-workbench (pyproject.toml)
pydantic==2.13.5
    # via fastapi
pydantic-core==2.46.5
    # via pydantic
pyparsing==3.3.2
    # via matplotlib
python-dateutil==2.9.0.post0
    # via
    #   matplotlib
    #   pandas
python-multipart==0.0.32
    # via strata-workbench (pyproject.toml)
pytz==2026.3.post1
    # via pandas
scipy==1.18.1
    # via
    #   strata-workbench (pyproject.toml)
    #   formulaic
    #   statsmodels
six==1.17.0
    # via python-dateutil
starlette==1.6.0
    # via fastapi
statsmodels==0.15.0
    # via strata-workbench (pyproject.toml)
typing-extensions==4.16.0
    # via
    #   anyio
    #   fastapi
    #   formulaic
    #   psycopg
    #   pydantic
    #   pydantic-core
    #   starlette
    #   typing-inspection
typing-inspection==0.4.4
    # via
    #   fastapi
    #   pydantic
tzdata==2026.3
    # via pandas
uvicorn==0.52.4
    # via strata-workbench (pyproject.toml)
wrapt==2.4.0
    # via formulaic
